
Microsoft Visual Studio Solution File, Format Version 12.00
# Visual Studio Version 17
VisualStudioVersion = 17.10.35013.160
MinimumVisualStudioVersion = 10.0.40219.1
Project("{9A19103F-16F7-4668-BE54-9A1E7A4F7556}") = "MinesweeperClasses", "MinesweeperClasses.csproj", "{1C47EC89-5766-49EB-BB38-EA20056E9A9B}"
EndProject
Project("{9A19103F-16F7-4668-BE54-9A1E7A4F7556}") = "MinesweeperConsole", "..\MinesweeperConsole\MinesweeperConsole.csproj", "{EAE34011-48C8-47EA-A94A-044E14604F80}"
EndProject
Project("{FAE04EC0-301F-11D3-BF4B-00C04F79EFBC}") = "MineSweeperGUI", "..\MineSweeperGUI\MineSweeperGUI.csproj", "{074F9386-6787-487E-9459-C3EB5278254A}"
EndProject
Global
	GlobalSection(SolutionConfigurationPlatforms) = preSolution
		Debug|Any CPU = Debug|Any CPU
		Release|Any CPU = Release|Any CPU
	EndGlobalSection
	GlobalSection(ProjectConfigurationPlatforms) = postSolution
		{1C47EC89-5766-49EB-BB38-EA20056E9A9B}.Debug|Any CPU.ActiveCfg = Debug|Any CPU
		{1C47EC89-5766-49EB-BB38-EA20056E9A9B}.Debug|Any CPU.Build.0 = Debug|Any CPU
		{1C47EC89-5766-49EB-BB38-EA20056E9A9B}.Release|Any CPU.ActiveCfg = Release|Any CPU
		{1C47EC89-5766-49EB-BB38-EA20056E9A9B}.Release|Any CPU.Build.0 = Release|Any CPU
		{EAE34011-48C8-47EA-A94A-044E14604F80}.Debug|Any CPU.ActiveCfg = Debug|Any CPU
		{EAE34011-48C8-47EA-A94A-044E14604F80}.Debug|Any CPU.Build.0 = Debug|Any CPU
		{EAE34011-48C8-47EA-A94A-044E14604F80}.Release|Any CPU.ActiveCfg = Release|Any CPU
		{EAE34011-48C8-47EA-A94A-044E14604F80}.Release|Any CPU.Build.0 = Release|Any CPU
		{074F9386-6787-487E-9459-C3EB5278254A}.Debug|Any CPU.ActiveCfg = Debug|Any CPU
		{074F9386-6787-487E-9459-C3EB5278254A}.Debug|Any CPU.Build.0 = Debug|Any CPU
		{074F9386-6787-487E-9459-C3EB5278254A}.Release|Any CPU.ActiveCfg = Release|Any CPU
		{074F9386-6787-487E-9459-C3EB5278254A}.Release|Any CPU.Build.0 = Release|Any CPU
	EndGlobalSection
	GlobalSection(SolutionProperties) = preSolution
		HideSolutionNode = FALSE
	EndGlobalSection
	GlobalSection(ExtensibilityGlobals) = postSolution
		SolutionGuid = {4A586408-0C7E-496B-B5F7-D958251F4221}
	EndGlobalSection
EndGlobal
